version = 1
requires-python = "==3.12.*"

[[package]]
name = "annotated-doc"
version = "0.0.4"
source = { registry = "https://pypi.org/simple" }
sdist = { url = "https://files.pythonhosted.org/packages/57/ba/046ceea27344560984e26a590f90bc7f4a75b06701f653222458922b558c/annotated_doc-0.0.4.tar.gz", hash = "sha256:fbcda96e87e9c92ad167c2e53839e57503ecfda18804ea28102353485033faa4", size = 7288 }
wheels = [
    { url = "https://files.pythonhosted.org/packages/1e/d3/26bf1008eb3d2daa8ef4cacc7f3bfdc11818d111f7e2d0201bc6e3b49d45/annotated_doc-0.0.4-py3-none-any.whl", hash = "sha256:571ac1dc6991c450b25a9c2d84a3705e2ae7a53467b5d111c24fa8baabbed320", size = 5303 },
]

[[package]]
name = "brahe"
version = "1.7.0"
source = { registry = "https://pypi.org/simple" }
dependencies = [
    { name = "loguru" },
    { name = "numpy" },
    { name = "polars" },
    { name = "rich" },
    { name = "typer" },
    { name = "typing-extensions" },
]
sdist = { url = "https://files.pythonhosted.org/packages/4e/a9/8c7f289ef19c3ae6a21f5947fe5f187f7ae0d9d44c186085a586334aa526/brahe-1.7.0.tar.gz", hash = "sha256:d6ce842eb855f6fec3360526068a290f6e63c7829276bef436bb08c322460d39", size = 18028381 }
wheels = [
    { url = "https://files.pythonhosted.org/packages/1a/1f/1502af8fe91d483c8125d6b6312b815588b0b81dda20e51f55c62f2d4d5c/brahe-1.7.0-cp312-cp312-macosx_11_0_arm64.whl", hash = "sha256:8e65626a3063d8d79bd439b3b5fe8c496b600d6785184ccbfd8c47d45a6de59b", size = 19247936 },
    { url = "https://files.pythonhosted.org/packages/63/b7/c7e504145f60348ffd891b45bd1aa5fc0d3a0c1cea959af59210ba625926/brahe-1.7.0-cp312-cp312-manylinux_2_35_aarch64.whl", hash = "sha256:dfde7341b478c97ef3ff9a5baaa3044734c1240179c6baf93f24adc545cb6862", size = 19483969 },
    { url = "https://files.pythonhosted.org/packages/b6/8f/cde881219747cceb0d6a7e01880e983228cff2b945a3c9a36e2695a93365/brahe-1.7.0-cp312-cp312-manylinux_2_35_x86_64.whl", hash = "sha256:ff6eb5686ee10b60c53386b9d29650fc047bbe1bce76ca942051b5233befaa91", size = 19727555 },
    { url = "https://files.pythonhosted.org/packages/2f/ff/8b869aca4e52d292722a364829c1c7a6b66a28129c9afd37b31134a956e9/brahe-1.7.0-cp312-cp312-win_amd64.whl", hash = "sha256:5346c089d5b3666b30c3ee45ab3de65d9e589c0b233d32fa211867acb687b188", size = 19594830 },
]

[[package]]
name = "colorama"
version = "0.4.6"
source = { registry = "https://pypi.org/simple" }
sdist = { url = "https://files.pythonhosted.org/packages/d8/53/6f443c9a4a8358a93a6792e2acffb9d9d5cb0a5cfd8802644b7b1c9a02e4/colorama-0.4.6.tar.gz", hash = "sha256:08695f5cb7ed6e0531a20572697297273c47b8cae5a63ffc6d6ed5c201be6e44", size = 27697 }
wheels = [
    { url = "https://files.pythonhosted.org/packages/d1/d6/3965ed04c63042e047cb6a3e6ed1a63a35087b6a609aa3a15ed8ac56c221/colorama-0.4.6-py2.py3-none-any.whl", hash = "sha256:4f1d9991f5acc0ca119f9d443620b77f9d6b33703e51011c16baf57afb285fc6", size = 25335 },
]

[[package]]
name = "loguru"
version = "0.7.3"
source = { registry = "https://pypi.org/simple" }
dependencies = [
    { name = "colorama", marker = "sys_platform == 'win32'" },
    { name = "win32-setctime", marker = "sys_platform == 'win32'" },
]
sdist = { url = "https://files.pythonhosted.org/packages/3a/05/a1dae3dffd1116099471c643b8924f5aa6524411dc6c63fdae648c4f1aca/loguru-0.7.3.tar.gz", hash = "sha256:19480589e77d47b8d85b2c827ad95d49bf31b0dcde16593892eb51dd18706eb6", size = 63559 }
wheels = [
    { url = "https://files.pythonhosted.org/packages/0c/29/0348de65b8cc732daa3e33e67806420b2ae89bdce2b04af740289c5c6c8c/loguru-0.7.3-py3-none-any.whl", hash = "sha256:31a33c10c8e1e10422bfd431aeb5d351c7cf7fa671e3c4df004162264b28220c", size = 61595 },
]

[[package]]
name = "markdown-it-py"
version = "4.2.0"
source = { registry = "https://pypi.org/simple" }
dependencies = [
    { name = "mdurl" },
]
sdist = { url = "https://files.pythonhosted.org/packages/06/ff/7841249c247aa650a76b9ee4bbaeae59370dc8bfd2f6c01f3630c35eb134/markdown_it_py-4.2.0.tar.gz", hash = "sha256:04a21681d6fbb623de53f6f364d352309d4094dd4194040a10fd51833e418d49", size = 82454 }
wheels = [
    { url = "https://files.pythonhosted.org/packages/b3/81/4da04ced5a082363ecfa159c010d200ecbd959ae410c10c0264a38cac0f5/markdown_it_py-4.2.0-py3-none-any.whl", hash = "sha256:9f7ebbcd14fe59494226453aed97c1070d83f8d24b6fc3a3bcf9a38092641c4a", size = 91687 },
]

[[package]]
name = "mdurl"
version = "0.1.2"
source = { registry = "https://pypi.org/simple" }
sdist = { url = "https://files.pythonhosted.org/packages/d6/54/cfe61301667036ec958cb99bd3efefba235e65cdeb9c84d24a8293ba1d90/mdurl-0.1.2.tar.gz", hash = "sha256:bb413d29f5eea38f31dd4754dd7377d4465116fb207585f97bf925588687c1ba", size = 8729 }
wheels = [
    { url = "https://files.pythonhosted.org/packages/b3/38/89ba8ad64ae25be8de66a6d463314cf1eb366222074cfda9ee839c56a4b4/mdurl-0.1.2-py3-none-any.whl", hash = "sha256:84008a41e51615a49fc9966191ff91509e3c40b939176e643fd50a5c2196b8f8", size = 9979 },
]

[[package]]
name = "numpy"
version = "2.5.1"
source = { registry = "https://pypi.org/simple" }
sdist = { url = "https://files.pythonhosted.org/packages/22/fd/89965aa4ac08c74998539fcbf24fa3540f3e15237fbeb6bcf9c908f4aade/numpy-2.5.1.tar.gz", hash = "sha256:a48a113e6afea91f5608793bafa7ef2ad481fefbda87ec5069f483de61cb9fa3", size = 20755553 }
wheels = [
    { url = "https://files.pythonhosted.org/packages/62/7b/14687aa674250e5e546f616f486b0d56d3631cd5b2415739141ce40bdcea/numpy-2.5.1-cp312-cp312-macosx_10_13_x86_64.whl", hash = "sha256:2c889b56fe48b1018f764b0eec8df59ab654e9148aa91faa12596043500de277", size = 16801574 },
    { url = "https://files.pythonhosted.org/packages/e1/19/cc5bb2a3f2913d27d6dbb2c78d25921fabaedc6741d4a5a615a11f3c5bf3/numpy-2.5.1-cp312-cp312-macosx_11_0_arm64.whl", hash = "sha256:ab451b59c5643c570974c43aef780703ef1d3b4965d2be07afd530615a9358d1", size = 11772250 },
    { url = "https://files.pythonhosted.org/packages/42/77/fdf34a71dd30f54979b18603bee915e0aaf825b07afe79acd60b04b691e2/numpy-2.5.1-cp312-cp312-macosx_14_0_arm64.whl", hash = "sha256:78798bd5b9ad744056af8efa90e3b9ddaa53272a0848a483084a1cc0a13b2dc0", size = 5331516 },
    { url = "https://files.pythonhosted.org/packages/ce/e2/eb7efa015b4cce41e2517bf182a7fce0d7d5b9d9ed76a29bfa0f4fe4505c/numpy-2.5.1-cp312-cp312-macosx_14_0_x86_64.whl", hash = "sha256:2ae0ca40bcb22d6ba59c1dfd5446f49940b0f2d821fde133f10dda11f816b84e", size = 6664863 },
    { url = "https://files.pythonhosted.org/packages/a9/4b/a2b32dd94ee9ffbeecb28152240042a3949db33b1c834d44090b80e1b3b8/numpy-2.5.1-cp312-cp312-manylinux_2_27_aarch64.manylinux_2_28_aarch64.whl", hash = "sha256:61ac47e772e6b8ea489e1d2f441a34c5c3ac17327e7ce294cbdf535795ad4e75", size = 15167977 },
    { url = "https://files.pythonhosted.org/packages/b8/a9/6e73d68500f80773f65f0654ea932019d6694329a0eb0ed0533de38df376/numpy-2.5.1-cp312-cp312-manylinux_2_27_x86_64.manylinux_2_28_x86_64.whl", hash = "sha256:59fda5e192b570217ec2580c96f00e9a7e12ef6866a900eb089b62c1a32545ca", size = 16672469 },
    { url = "https://files.pythonhosted.org/packages/24/7d/ad3e59015135f5261c95fd4cafeff159c955febd83a99a1d9250c4233815/numpy-2.5.1-cp312-cp312-musllinux_1_2_aarch64.whl", hash = "sha256:f7119ebff1a9829e9f431a4f9d28e703023bb6b9fe7c8f724467dbfc27c94ab3", size = 16527531 },
    { url = "https://files.pythonhosted.org/packages/83/d0/a39b2fbcde9cb17a1dac678f254b33a6336298af9df338824c685425d5e8/numpy-2.5.1-cp312-cp312-musllinux_1_2_x86_64.whl", hash = "sha256:e824c2acf8862052246be5a44c15da1777940c60d010dd2aab897824d9c430f9", size = 18431940 },
    { url = "https://files.pythonhosted.org/packages/04/12/cff070947791c1ed425ff76413189adbdc2fbe215eba7ce7fa454a03c7f8/numpy-2.5.1-cp312-cp312-win32.whl", hash = "sha256:08d60c810432eb83360958dea0999ac4cfb94531ea8efcbf0b7f277c2068aeb2", size = 6066764 },
    { url = "https://files.pythonhosted.org/packages/65/66/53f31807a48a750f9d748da273bc3fcedd12b27ff1f3e373bfec55ef2dc0/numpy-2.5.1-cp312-cp312-win_amd64.whl", hash = "sha256:f7d60026c0bdb1380e83bfa7a0419c4577ee4b9a08880afcb6dadeb74c649fa2", size = 12430966 },
    { url = "https://files.pythonhosted.org/packages/2b/2a/d1a88066b1c14186f5d3c0d18c94f17b064511982bab0578d49ee9d43c29/numpy-2.5.1-cp312-cp312-win_arm64.whl", hash = "sha256:17a25e09640602e10bc8de0e6fa2b3fd68eedd84ba6d7842dc8f32f9ab87bd0b", size = 10350488 },
]

[[package]]
name = "polars"
version = "1.43.0"
source = { registry = "https://pypi.org/simple" }
dependencies = [
    { name = "polars-runtime-32" },
]
sdist = { url = "https://files.pythonhosted.org/packages/66/5b/5d0f0aa53c6e9a8ecbc99ff502edcf9584e5d08ab34ea407c086999103d5/polars-1.43.0.tar.gz", hash = "sha256:bb2c67553e4968c18dfe268a88ff9a5790d5c2e0b7ea7efe97640b9a90438c88", size = 749537 }
wheels = [
    { url = "https://files.pythonhosted.org/packages/76/28/a8eac2c1d1b2d2a4ba2eb745921616d863185d94b1afd91cbb07af9ef21a/polars-1.43.0-py3-none-any.whl", hash = "sha256:c49078b14e2d6b8ff5cc5b78b6d9638603ea5dffafb889d9204818822f55b813", size = 846493 },
]

[[package]]
name = "polars-runtime-32"
version = "1.43.0"
source = { registry = "https://pypi.org/simple" }
sdist = { url = "https://files.pythonhosted.org/packages/86/96/7e714cad082e9e6aaebb8886fcb1b0220d5c35149d4c8d3466bd7e7d581e/polars_runtime_32-1.43.0.tar.gz", hash = "sha256:5fb47a3a883402e62eab2fde5922f78c531d037aeece3640c15225f39228621e", size = 3090044 }
wheels = [
    { url = "https://files.pythonhosted.org/packages/0f/14/9b1f5eb1c5104ba1ceb380a7308ffcd979f3ce1df86e76293062698f2ff1/polars_runtime_32-1.43.0-cp310-abi3-macosx_10_12_x86_64.whl", hash = "sha256:6707193d30a7135bce0424304f76d8145270527444097548e794ad8d26823b70", size = 53059463 },
    { url = "https://files.pythonhosted.org/packages/ca/14/73d77d1c0c928eb599d9516d874af0cd2b6225201e1327a6c4857e6776d0/polars_runtime_32-1.43.0-cp310-abi3-macosx_11_0_arm64.whl", hash = "sha256:78ca2f97740b2a6beb36eb112749280b5e08750c60f53c08d2feffebdba9d35a", size = 47499586 },
    { url = "https://files.pythonhosted.org/packages/80/b1/98278fa796f93d0975fd3fe1d4ab4031707d4a9f1da44c21c29996b62c73/polars_runtime_32-1.43.0-cp310-abi3-manylinux_2_17_aarch64.manylinux2014_aarch64.whl", hash = "sha256:4ffa99bb2c7ee0a9392ae50b350af0ed17acf0519d15c75fe223021798566174", size = 51326702 },
    { url = "https://files.pythonhosted.org/packages/ab/7d/24ae73389aac03296925973c4e2cbe2e4982e859b9fad69eb1a72b9026fa/polars_runtime_32-1.43.0-cp310-abi3-manylinux_2_17_x86_64.manylinux2014_x86_64.whl", hash = "sha256:3ecc8feaf04de5989a29245885921db612ef1ce9065e5cb6ec37495acfa55bba", size = 57266705 },
    { url = "https://files.pythonhosted.org/packages/5c/49/2026be1f7b51242ad62e08b20728462558e161fb84b564e5b986f2b38664/polars_runtime_32-1.43.0-cp310-abi3-musllinux_1_2_aarch64.whl", hash = "sha256:01e1471a5ee161a969c7a96991d8e5d20b97a0b7fe075df9c7a01f52a49c5ac2", size = 51484129 },
    { url = "https://files.pythonhosted.org/packages/db/e2/047c7695f08a9b18614c0e1ec5e70a754455542a21a6d52955f7f05c6268/polars_runtime_32-1.43.0-cp310-abi3-musllinux_1_2_x86_64.whl", hash = "sha256:9cd8b813afe67d59e87027dedcaf5c6a06fe602472fd74e1a49f4bafea47259c", size = 55169401 },
    { url = "https://files.pythonhosted.org/packages/92/dc/bfd2533c487563c7a21ab7d7af3d78f820b0236e14dc5ee63d46188cd275/polars_runtime_32-1.43.0-cp310-abi3-win_amd64.whl", hash = "sha256:41a75fb3cb4cc574eb21801383578f75cfc374597c22322ef457ab7bac8a3301", size = 52541527 },
    { url = "https://files.pythonhosted.org/packages/46/d7/5c47f1bf57479d1671669af9c421f9abf4986b2ddaa64c177244ff811de0/polars_runtime_32-1.43.0-cp310-abi3-win_arm64.whl", hash = "sha256:c285e598dd91e08560e519275b8b8108adbafb438d218a175ebe073dbc2027fb", size = 46552281 },
]

[[package]]
name = "pygments"
version = "2.20.0"
source = { registry = "https://pypi.org/simple" }
sdist = { url = "https://files.pythonhosted.org/packages/c3/b2/bc9c9196916376152d655522fdcebac55e66de6603a76a02bca1b6414f6c/pygments-2.20.0.tar.gz", hash = "sha256:6757cd03768053ff99f3039c1a36d6c0aa0b263438fcab17520b30a303a82b5f", size = 4955991 }
wheels = [
    { url = "https://files.pythonhosted.org/packages/f4/7e/a72dd26f3b0f4f2bf1dd8923c85f7ceb43172af56d63c7383eb62b332364/pygments-2.20.0-py3-none-any.whl", hash = "sha256:81a9e26dd42fd28a23a2d169d86d7ac03b46e2f8b59ed4698fb4785f946d0176", size = 1231151 },
]

[[package]]
name = "rich"
version = "15.0.0"
source = { registry = "https://pypi.org/simple" }
dependencies = [
    { name = "markdown-it-py" },
    { name = "pygments" },
]
sdist = { url = "https://files.pythonhosted.org/packages/c0/8f/0722ca900cc807c13a6a0c696dacf35430f72e0ec571c4275d2371fca3e9/rich-15.0.0.tar.gz", hash = "sha256:edd07a4824c6b40189fb7ac9bc4c52536e9780fbbfbddf6f1e2502c31b068c36", size = 230680 }
wheels = [
    { url = "https://files.pythonhosted.org/packages/82/3b/64d4899d73f91ba49a8c18a8ff3f0ea8f1c1d75481760df8c68ef5235bf5/rich-15.0.0-py3-none-any.whl", hash = "sha256:33bd4ef74232fb73fe9279a257718407f169c09b78a87ad3d296f548e27de0bb", size = 310654 },
]

[[package]]
name = "shellingham"
version = "1.5.4"
source = { registry = "https://pypi.org/simple" }
sdist = { url = "https://files.pythonhosted.org/packages/58/15/8b3609fd3830ef7b27b655beb4b4e9c62313a4e8da8c676e142cc210d58e/shellingham-1.5.4.tar.gz", hash = "sha256:8dbca0739d487e5bd35ab3ca4b36e11c4078f3a234bfce294b0a0291363404de", size = 10310 }
wheels = [
    { url = "https://files.pythonhosted.org/packages/e0/f9/0595336914c5619e5f28a1fb793285925a8cd4b432c9da0a987836c7f822/shellingham-1.5.4-py2.py3-none-any.whl", hash = "sha256:7ecfff8f2fd72616f7481040475a65b2bf8af90a56c89140852d1120324e8686", size = 9755 },
]

[[package]]
name = "spacecraft-collision-avoidance"
version = "0.1.0"
source = { virtual = "." }
dependencies = [
    { name = "brahe" },
    { name = "numpy" },
]

[package.metadata]
requires-dist = [
    { name = "brahe", specifier = "==1.7.0" },
    { name = "numpy", specifier = ">=2.0,<3.0" },
]

[[package]]
name = "typer"
version = "0.27.0"
source = { registry = "https://pypi.org/simple" }
dependencies = [
    { name = "annotated-doc" },
    { name = "colorama", marker = "sys_platform == 'win32'" },
    { name = "rich" },
    { name = "shellingham" },
]
sdist = { url = "https://files.pythonhosted.org/packages/37/78/fda3361b56efc27944f24225f6ecd13d96d6fcfe37bd0eb34e2f4c63f9fc/typer-0.27.0.tar.gz", hash = "sha256:629bd12ea5d13a17148125d9a264f949eb171fb3f120f9b04d85873cab054fa5", size = 203430 }
wheels = [
    { url = "https://files.pythonhosted.org/packages/40/03/26a383c9e58c213199d1aad1c3d353cfc22d4444ec6d2c0bf8ad02523843/typer-0.27.0-py3-none-any.whl", hash = "sha256:6f4b27631e47f077871b7dc30e933ec0131c1390fbe0e387ea5574b5bac9ccf1", size = 122716 },
]

[[package]]
name = "typing-extensions"
version = "4.16.0"
source = { registry = "https://pypi.org/simple" }
sdist = { url = "https://files.pythonhosted.org/packages/f6/cc/6253133b5bb138fc3306cebfbda2c520f545d36b5be2c7255cc528bb45d6/typing_extensions-4.16.0.tar.gz", hash = "sha256:dc983d19a509c94dba722ee6abd33940f7c05a89e243c47e907eb4db6f1a43e5", size = 113555 }
wheels = [
    { url = "https://files.pythonhosted.org/packages/49/d3/b8441a820a491ddfc024b0b0cf0393375b75ea13866d9c66727e54c2fc80/typing_extensions-4.16.0-py3-none-any.whl", hash = "sha256:481caa481374e813c1b176ada14e97f1f67a4539ce9cfeb3f350d78d6370c2e8", size = 45571 },
]

[[package]]
name = "win32-setctime"
version = "1.2.0"
source = { registry = "https://pypi.org/simple" }
sdist = { url = "https://files.pythonhosted.org/packages/b3/8f/705086c9d734d3b663af0e9bb3d4de6578d08f46b1b101c2442fd9aecaa2/win32_setctime-1.2.0.tar.gz", hash = "sha256:ae1fdf948f5640aae05c511ade119313fb6a30d7eabe25fef9764dca5873c4c0", size = 4867 }
wheels = [
    { url = "https://files.pythonhosted.org/packages/e1/07/c6fe3ad3e685340704d314d765b7912993bcb8dc198f0e7a89382d37974b/win32_setctime-1.2.0-py3-none-any.whl", hash = "sha256:95d644c4e708aba81dc3704a116d8cbc974d70b3bdb8be1d150e36be6e9d1390", size = 4083 },
]
